// !$*UTF8*$!
{
	archiveVersion = 1;
	classes = {
	};
	objectVersion = 56;
	objects = {

/* Begin PBXBuildFile section */
		9444BAEC2BB28BA4003C76BB /* Assets.xcassets in Resources */ = {isa = PBXBuildFile; fileRef = 94775F1E2BADFCDC008B7512 /* Assets.xcassets */; };
		945B3B952BB2931400685EA0 /* iOSApp.swift in Sources */ = {isa = PBXBuildFile; fileRef = 94775F1A2BADFCDB008B7512 /* iOSApp.swift */; };
		94775F1B2BADFCDB008B7512 /* iOSApp.swift in Sources */ = {isa = PBXBuildFile; fileRef = 94775F1A2BADFCDB008B7512 /* iOSApp.swift */; };
		94775F1F2BADFCDC008B7512 /* Assets.xcassets in Resources */ = {isa = PBXBuildFile; fileRef = 94775F1E2BADFCDC008B7512 /* Assets.xcassets */; };
		947A0F4E2BB1E9EA002AF347 /* Colors We See Clip.app in Embed App Clips */ = {isa = PBXBuildFile; fileRef = 947A0F3F2BB1E9E9002AF347 /* Colors We See Clip.app */; settings = {ATTRIBUTES = (RemoveHeadersOnCopy, ); }; };
		947A0F552BB1EAA9002AF347 /* FirebaseCrashlytics in Frameworks */ = {isa = PBXBuildFile; productRef = 947A0F542BB1EAA9002AF347 /* FirebaseCrashlytics */; };
		947A0F572BB1EAB3002AF347 /* Root in Frameworks */ = {isa = PBXBuildFile; productRef = 947A0F562BB1EAB3002AF347 /* Root */; };
		94FA78482BADFE8900B6C096 /* Root in Frameworks */ = {isa = PBXBuildFile; productRef = 94FA78472BADFE8900B6C096 /* Root */; };
		94FA784B2BADFEA500B6C096 /* FirebaseCrashlytics in Frameworks */ = {isa = PBXBuildFile; productRef = 94FA784A2BADFEA500B6C096 /* FirebaseCrashlytics */; };
/* End PBXBuildFile section */

/* Begin PBXContainerItemProxy section */
		947A0F4C2BB1E9EA002AF347 /* PBXContainerItemProxy */ = {
			isa = PBXContainerItemProxy;
			containerPortal = 94775F0F2BADFCDB008B7512 /* Project object */;
			proxyType = 1;
			remoteGlobalIDString = 947A0F3E2BB1E9E9002AF347;
			remoteInfo = "Colors We See Clip";
		};
/* End PBXContainerItemProxy section */

/* Begin PBXCopyFilesBuildPhase section */
		947A0F4F2BB1E9EA002AF347 /* Embed App Clips */ = {
			isa = PBXCopyFilesBuildPhase;
			buildActionMask = 2147483647;
			dstPath = "$(CONTENTS_FOLDER_PATH)/AppClips";
			dstSubfolderSpec = 16;
			files = (
				947A0F4E2BB1E9EA002AF347 /* Colors We See Clip.app in Embed App Clips */,
			);
			name = "Embed App Clips";
			runOnlyForDeploymentPostprocessing = 0;
		};
/* End PBXCopyFilesBuildPhase section */

/* Begin PBXFileReference section */
		942162612BB391E600AB9153 /* stripping.sh */ = {isa = PBXFileReference; lastKnownFileType = text.script.sh; path = stripping.sh; sourceTree = "<group>"; };
		94775F172BADFCDB008B7512 /* Colors We See.app */ = {isa = PBXFileReference; explicitFileType = wrapper.application; includeInIndex = 0; path = "Colors We See.app"; sourceTree = BUILT_PRODUCTS_DIR; };
		94775F1A2BADFCDB008B7512 /* iOSApp.swift */ = {isa = PBXFileReference; lastKnownFileType = sourcecode.swift; path = iOSApp.swift; sourceTree = "<group>"; };
		94775F1E2BADFCDC008B7512 /* Assets.xcassets */ = {isa = PBXFileReference; lastKnownFileType = folder.assetcatalog; path = Assets.xcassets; sourceTree = "<group>"; };
		947A0F3F2BB1E9E9002AF347 /* Colors We See Clip.app */ = {isa = PBXFileReference; explicitFileType = wrapper.application; includeInIndex = 0; path = "Colors We See Clip.app"; sourceTree = BUILT_PRODUCTS_DIR; };
		947A0F4A2BB1E9EA002AF347 /* Info.plist */ = {isa = PBXFileReference; lastKnownFileType = text.plist.xml; path = Info.plist; sourceTree = "<group>"; };
		947A0F4B2BB1E9EA002AF347 /* AppClip.entitlements */ = {isa = PBXFileReference; lastKnownFileType = text.plist.entitlements; path = AppClip.entitlements; sourceTree = "<group>"; };
		947A0F582BB1ED52002AF347 /* GoogleService-Info-Release.plist */ = {isa = PBXFileReference; fileEncoding = 4; lastKnownFileType = text.plist.xml; path = "GoogleService-Info-Release.plist"; sourceTree = "<group>"; };
		94D8097C2BB37CE000991C27 /* firebase.sh */ = {isa = PBXFileReference; lastKnownFileType = text.script.sh; path = firebase.sh; sourceTree = "<group>"; };
		94E1A73F2BB2893000C83B3F /* Info.plist */ = {isa = PBXFileReference; lastKnownFileType = text.plist.xml; path = Info.plist; sourceTree = "<group>"; };
		94FA78432BADFDBD00B6C096 /* GoogleService-Info-Release.plist */ = {isa = PBXFileReference; fileEncoding = 4; lastKnownFileType = text.plist.xml; path = "GoogleService-Info-Release.plist"; sourceTree = "<group>"; };
		94FA784D2BADFF3F00B6C096 /* iOSApp.entitlements */ = {isa = PBXFileReference; lastKnownFileType = text.plist.entitlements; path = iOSApp.entitlements; sourceTree = "<group>"; };
/* End PBXFileReference section */

/* Begin PBXFrameworksBuildPhase section */
		94775F142BADFCDB008B7512 /* Frameworks */ = {
			isa = PBXFrameworksBuildPhase;
			buildActionMask = 2147483647;
			files = (
				94FA78482BADFE8900B6C096 /* Root in Frameworks */,
				94FA784B2BADFEA500B6C096 /* FirebaseCrashlytics in Frameworks */,
			);
			runOnlyForDeploymentPostprocessing = 0;
		};
		947A0F3C2BB1E9E9002AF347 /* Frameworks */ = {
			isa = PBXFrameworksBuildPhase;
			buildActionMask = 2147483647;
			files = (
				947A0F572BB1EAB3002AF347 /* Root in Frameworks */,
				947A0F552BB1EAA9002AF347 /* FirebaseCrashlytics in Frameworks */,
			);
			runOnlyForDeploymentPostprocessing = 0;
		};
/* End PBXFrameworksBuildPhase section */

/* Begin PBXGroup section */
		94775F0E2BADFCDB008B7512 = {
			isa = PBXGroup;
			children = (
				94775F192BADFCDB008B7512 /* iOS */,
				947A0F402BB1E9E9002AF347 /* AppClip */,
				94D8097E2BB37CE000991C27 /* BuildScripts */,
				94775F182BADFCDB008B7512 /* Products */,
				94FA78462BADFE8900B6C096 /* Frameworks */,
			);
			sourceTree = "<group>";
		};
		94775F182BADFCDB008B7512 /* Products */ = {
			isa = PBXGroup;
			children = (
				94775F172BADFCDB008B7512 /* Colors We See.app */,
				947A0F3F2BB1E9E9002AF347 /* Colors We See Clip.app */,
			);
			name = Products;
			sourceTree = "<group>";
		};
		94775F192BADFCDB008B7512 /* iOS */ = {
			isa = PBXGroup;
			children = (
				94775F1A2BADFCDB008B7512 /* iOSApp.swift */,
				94FA784D2BADFF3F00B6C096 /* iOSApp.entitlements */,
				94E1A73F2BB2893000C83B3F /* Info.plist */,
				94FA78432BADFDBD00B6C096 /* GoogleService-Info-Release.plist */,
				94775F1E2BADFCDC008B7512 /* Assets.xcassets */,
			);
			path = iOS;
			sourceTree = "<group>";
		};
		947A0F402BB1E9E9002AF347 /* AppClip */ = {
			isa = PBXGroup;
			children = (
				947A0F4B2BB1E9EA002AF347 /* AppClip.entitlements */,
				947A0F4A2BB1E9EA002AF347 /* Info.plist */,
				947A0F582BB1ED52002AF347 /* GoogleService-Info-Release.plist */,
			);
			path = AppClip;
			sourceTree = "<group>";
		};
		94D8097E2BB37CE000991C27 /* BuildScripts */ = {
			isa = PBXGroup;
			children = (
				94D8097C2BB37CE000991C27 /* firebase.sh */,
				942162612BB391E600AB9153 /* stripping.sh */,
			);
			path = BuildScripts;
			sourceTree = "<group>";
		};
		94FA78462BADFE8900B6C096 /* Frameworks */ = {
			isa = PBXGroup;
			children = (
			);
			name = Frameworks;
			sourceTree = "<group>";
		};
/* End PBXGroup section */

/* Begin PBXNativeTarget section */
		94775F162BADFCDB008B7512 /* Colors We See */ = {
			isa = PBXNativeTarget;
			buildConfigurationList = 94775F252BADFCDC008B7512 /* Build configuration list for PBXNativeTarget "Colors We See" */;
			buildPhases = (
				94775F132BADFCDB008B7512 /* Sources */,
				94775F142BADFCDB008B7512 /* Frameworks */,
				94775F152BADFCDB008B7512 /* Resources */,
				94CAA7A32BB35D8A00F62C5B /* Copy & Populate Firebase Plist */,
				947A0F4F2BB1E9EA002AF347 /* Embed App Clips */,
				94FA78452BADFE1100B6C096 /* Crashlytics dSYMs */,
				9421625F2BB3915700AB9153 /* Strip dyld Metadata */,
			);
			buildRules = (
			);
			dependencies = (
				947A0F4D2BB1E9EA002AF347 /* PBXTargetDependency */,
			);
			name = "Colors We See";
			packageProductDependencies = (
				94FA78472BADFE8900B6C096 /* Root */,
				94FA784A2BADFEA500B6C096 /* FirebaseCrashlytics */,
			);
			productName = "Colors We See";
			productReference = 94775F172BADFCDB008B7512 /* Colors We See.app */;
			productType = "com.apple.product-type.application";
		};
		947A0F3E2BB1E9E9002AF347 /* Colors We See Clip */ = {
			isa = PBXNativeTarget;
			buildConfigurationList = 947A0F522BB1E9EA002AF347 /* Build configuration list for PBXNativeTarget "Colors We See Clip" */;
			buildPhases = (
				947A0F3B2BB1E9E9002AF347 /* Sources */,
				947A0F3C2BB1E9E9002AF347 /* Frameworks */,
				947A0F3D2BB1E9E9002AF347 /* Resources */,
				9427B8F82BB36ED000971CFB /* Copy & Populate Firebase Plist (App Clip) */,
				947A0F5A2BB1EEFC002AF347 /* Crashlytics dSYMs (App Clip) */,
				94AD63722BB3959F009C9B2E /* Strip dyld Metadata (App Clip) */,
			);
			buildRules = (
			);
			dependencies = (
			);
			name = "Colors We See Clip";
			packageProductDependencies = (
				947A0F542BB1EAA9002AF347 /* FirebaseCrashlytics */,
				947A0F562BB1EAB3002AF347 /* Root */,
			);
			productName = "Colors We See Clip";
			productReference = 947A0F3F2BB1E9E9002AF347 /* Colors We See Clip.app */;
			productType = "com.apple.product-type.application.on-demand-install-capable";
		};
/* End PBXNativeTarget section */

/* Begin PBXProject section */
		94775F0F2BADFCDB008B7512 /* Project object */ = {
			isa = PBXProject;
			attributes = {
				BuildIndependentTargetsInParallel = 1;
				LastSwiftUpdateCheck = 1530;
				LastUpgradeCheck = 1530;
				TargetAttributes = {
					94775F162BADFCDB008B7512 = {
						CreatedOnToolsVersion = 15.3;
					};
					947A0F3E2BB1E9E9002AF347 = {
						CreatedOnToolsVersion = 15.3;
					};
				};
			};
			buildConfigurationList = 94775F122BADFCDB008B7512 /* Build configuration list for PBXProject "ColorsWeSee" */;
			compatibilityVersion = "Xcode 14.0";
			developmentRegion = en;
			hasScannedForEncodings = 0;
			knownRegions = (
				en,
				Base,
			);
			mainGroup = 94775F0E2BADFCDB008B7512;
			packageReferences = (
				94FA78492BADFEA500B6C096 /* XCRemoteSwiftPackageReference "firebase-ios-sdk" */,
			);
			productRefGroup = 94775F182BADFCDB008B7512 /* Products */;
			projectDirPath = "";
			projectRoot = "";
			targets = (
				94775F162BADFCDB008B7512 /* Colors We See */,
				947A0F3E2BB1E9E9002AF347 /* Colors We See Clip */,
			);
		};
/* End PBXProject section */

/* Begin PBXResourcesBuildPhase section */
		94775F152BADFCDB008B7512 /* Resources */ = {
			isa = PBXResourcesBuildPhase;
			buildActionMask = 2147483647;
			files = (
				94775F1F2BADFCDC008B7512 /* Assets.xcassets in Resources */,
			);
			runOnlyForDeploymentPostprocessing = 0;
		};
		947A0F3D2BB1E9E9002AF347 /* Resources */ = {
			isa = PBXResourcesBuildPhase;
			buildActionMask = 2147483647;
			files = (
				9444BAEC2BB28BA4003C76BB /* Assets.xcassets in Resources */,
			);
			runOnlyForDeploymentPostprocessing = 0;
		};
/* End PBXResourcesBuildPhase section */

/* Begin PBXShellScriptBuildPhase section */
		9421625F2BB3915700AB9153 /* Strip dyld Metadata */ = {
			isa = PBXShellScriptBuildPhase;
			alwaysOutOfDate = 1;
			buildActionMask = 2147483647;
			files = (
			);
			inputFileListPaths = (
			);
			inputPaths = (
				"$(PROJECT_DIR)/BuildScripts/stripping.sh",
			);
			name = "Strip dyld Metadata";
			outputFileListPaths = (
			);
			outputPaths = (
			);
			runOnlyForDeploymentPostprocessing = 0;
			shellPath = /bin/sh;
			shellScript = "$PROJECT_DIR/BuildScripts/stripping.sh\n";
			showEnvVarsInLog = 0;
		};
		9427B8F82BB36ED000971CFB /* Copy & Populate Firebase Plist (App Clip) */ = {
			isa = PBXShellScriptBuildPhase;
			buildActionMask = 2147483647;
			files = (
			);
			inputFileListPaths = (
			);
			inputPaths = (
				"$(PROJECT_DIR)/BuildScripts/firebase.sh",
				"$(PROJECT_DIR)/AppClip/GoogleService-Info-Release.plist",
				"${PROJECT_DIR}/BuildScripts//secrets.plist",
			);
			name = "Copy & Populate Firebase Plist (App Clip)";
			outputFileListPaths = (
			);
			outputPaths = (
				"${BUILT_PRODUCTS_DIR}/${EXECUTABLE_FOLDER_PATH}/GoogleService-Info.plist",
			);
			runOnlyForDeploymentPostprocessing = 0;
			shellPath = /bin/sh;
			shellScript = "$PROJECT_DIR/BuildScripts/firebase.sh\n";
			showEnvVarsInLog = 0;
		};
		947A0F5A2BB1EEFC002AF347 /* Crashlytics dSYMs (App Clip) */ = {
			isa = PBXShellScriptBuildPhase;
			alwaysOutOfDate = 1;
			buildActionMask = 2147483647;
			files = (
			);
			inputFileListPaths = (
			);
			inputPaths = (
				"${DWARF_DSYM_FOLDER_PATH}/${DWARF_DSYM_FILE_NAME}",
				"${DWARF_DSYM_FOLDER_PATH}/${DWARF_DSYM_FILE_NAME}/Contents/Resources/DWARF/${PRODUCT_NAME}",
				"${DWARF_DSYM_FOLDER_PATH}/${DWARF_DSYM_FILE_NAME}/Contents/Info.plist",
				"$(TARGET_BUILD_DIR)/$(UNLOCALIZED_RESOURCES_FOLDER_PATH)/GoogleService-Info.plist",
				"$(TARGET_BUILD_DIR)/$(EXECUTABLE_PATH)",
			);
			name = "Crashlytics dSYMs (App Clip)";
			outputFileListPaths = (
			);
			outputPaths = (
			);
			runOnlyForDeploymentPostprocessing = 0;
			shellPath = /bin/sh;
			shellScript = "if [ $CONFIGURATION == \"Debug\" ]; then\n  echo \"Skipping dSYM upload in Debug build.\"\n  exit 0\nfi\n\"${BUILD_DIR%/Build/*}/SourcePackages/checkouts/firebase-ios-sdk/Crashlytics/run\"\n";
		};
		94AD63722BB3959F009C9B2E /* Strip dyld Metadata (App Clip) */ = {
			isa = PBXShellScriptBuildPhase;
			alwaysOutOfDate = 1;
			buildActionMask = 2147483647;
			files = (
			);
			inputFileListPaths = (
			);
			inputPaths = (
				"$(PROJECT_DIR)/BuildScripts/stripping.sh",
			);
			name = "Strip dyld Metadata (App Clip)";
			outputFileListPaths = (
			);
			outputPaths = (
			);
			runOnlyForDeploymentPostprocessing = 0;
			shellPath = /bin/sh;
			shellScript = "$PROJECT_DIR/BuildScripts/stripping.sh\n";
			showEnvVarsInLog = 0;
		};
		94CAA7A32BB35D8A00F62C5B /* Copy & Populate Firebase Plist */ = {
			isa = PBXShellScriptBuildPhase;
			buildActionMask = 2147483647;
			files = (
			);
			inputFileListPaths = (
			);
			inputPaths = (
				"$(PROJECT_DIR)/BuildScripts/firebase.sh",
				"$(PROJECT_DIR)/iOS/GoogleService-Info-Release.plist",
				"${PROJECT_DIR}/BuildScripts/secrets.plist",
			);
			name = "Copy & Populate Firebase Plist";
			outputFileListPaths = (
			);
			outputPaths = (
				"${BUILT_PRODUCTS_DIR}/${EXECUTABLE_FOLDER_PATH}/GoogleService-Info.plist",
			);
			runOnlyForDeploymentPostprocessing = 0;
			shellPath = /bin/sh;
			shellScript = "$PROJECT_DIR/BuildScripts/firebase.sh\n";
		};
		94FA78452BADFE1100B6C096 /* Crashlytics dSYMs */ = {
			isa = PBXShellScriptBuildPhase;
			alwaysOutOfDate = 1;
			buildActionMask = 2147483647;
			files = (
			);
			inputFileListPaths = (
			);
			inputPaths = (
				"${DWARF_DSYM_FOLDER_PATH}/${DWARF_DSYM_FILE_NAME}",
				"${DWARF_DSYM_FOLDER_PATH}/${DWARF_DSYM_FILE_NAME}/Contents/Resources/DWARF/${PRODUCT_NAME}",
				"${DWARF_DSYM_FOLDER_PATH}/${DWARF_DSYM_FILE_NAME}/Contents/Info.plist",
				"$(TARGET_BUILD_DIR)/$(UNLOCALIZED_RESOURCES_FOLDER_PATH)/GoogleService-Info.plist",
				"$(TARGET_BUILD_DIR)/$(EXECUTABLE_PATH)",
			);
			name = "Crashlytics dSYMs";
			outputFileListPaths = (
			);
			outputPaths = (
			);
			runOnlyForDeploymentPostprocessing = 0;
			shellPath = /bin/sh;
			shellScript = "if [ $CONFIGURATION == \"Debug\" ]; then\n  echo \"Skipping dSYM upload in Debug build.\"\n  exit 0\nfi\n\"${BUILD_DIR%/Build/*}/SourcePackages/checkouts/firebase-ios-sdk/Crashlytics/run\"\n";
		};
/* End PBXShellScriptBuildPhase section */

/* Begin PBXSourcesBuildPhase section */
		94775F132BADFCDB008B7512 /* Sources */ = {
			isa = PBXSourcesBuildPhase;
			buildActionMask = 2147483647;
			files = (
				94775F1B2BADFCDB008B7512 /* iOSApp.swift in Sources */,
			);
			runOnlyForDeploymentPostprocessing = 0;
		};
		947A0F3B2BB1E9E9002AF347 /* Sources */ = {
			isa = PBXSourcesBuildPhase;
			buildActionMask = 2147483647;
			files = (
				945B3B952BB2931400685EA0 /* iOSApp.swift in Sources */,
			);
			runOnlyForDeploymentPostprocessing = 0;
		};
/* End PBXSourcesBuildPhase section */

/* Begin PBXTargetDependency section */
		947A0F4D2BB1E9EA002AF347 /* PBXTargetDependency */ = {
			isa = PBXTargetDependency;
			target = 947A0F3E2BB1E9E9002AF347 /* Colors We See Clip */;
			targetProxy = 947A0F4C2BB1E9EA002AF347 /* PBXContainerItemProxy */;
		};
/* End PBXTargetDependency section */

/* Begin XCBuildConfiguration section */
		94775F232BADFCDC008B7512 /* Debug */ = {
			isa = XCBuildConfiguration;
			buildSettings = {
				ALWAYS_SEARCH_USER_PATHS = NO;
				ASSETCATALOG_COMPILER_GENERATE_SWIFT_ASSET_SYMBOL_EXTENSIONS = YES;
				CLANG_ANALYZER_NONNULL = YES;
				CLANG_ANALYZER_NUMBER_OBJECT_CONVERSION = YES_AGGRESSIVE;
				CLANG_CXX_LANGUAGE_STANDARD = "gnu++20";
				CLANG_ENABLE_MODULES = YES;
				CLANG_ENABLE_OBJC_ARC = YES;
				CLANG_ENABLE_OBJC_WEAK = YES;
				CLANG_WARN_BLOCK_CAPTURE_AUTORELEASING = YES;
				CLANG_WARN_BOOL_CONVERSION = YES;
				CLANG_WARN_COMMA = YES;
				CLANG_WARN_CONSTANT_CONVERSION = YES;
				CLANG_WARN_DEPRECATED_OBJC_IMPLEMENTATIONS = YES;
				CLANG_WARN_DIRECT_OBJC_ISA_USAGE = YES_ERROR;
				CLANG_WARN_DOCUMENTATION_COMMENTS = YES;
				CLANG_WARN_EMPTY_BODY = YES;
				CLANG_WARN_ENUM_CONVERSION = YES;
				CLANG_WARN_INFINITE_RECURSION = YES;
				CLANG_WARN_INT_CONVERSION = YES;
				CLANG_WARN_NON_LITERAL_NULL_CONVERSION = YES;
				CLANG_WARN_OBJC_IMPLICIT_RETAIN_SELF = YES;
				CLANG_WARN_OBJC_LITERAL_CONVERSION = YES;
				CLANG_WARN_OBJC_ROOT_CLASS = YES_ERROR;
				CLANG_WARN_QUOTED_INCLUDE_IN_FRAMEWORK_HEADER = YES;
				CLANG_WARN_RANGE_LOOP_ANALYSIS = YES;
				CLANG_WARN_STRICT_PROTOTYPES = YES;
				CLANG_WARN_SUSPICIOUS_MOVE = YES;
				CLANG_WARN_UNGUARDED_AVAILABILITY = YES_AGGRESSIVE;
				CLANG_WARN_UNREACHABLE_CODE = YES;
				CLANG_WARN__DUPLICATE_METHOD_MATCH = YES;
				COPY_PHASE_STRIP = NO;
				DEBUG_INFORMATION_FORMAT = dwarf;
				ENABLE_STRICT_OBJC_MSGSEND = YES;
				ENABLE_TESTABILITY = YES;
				ENABLE_USER_SCRIPT_SANDBOXING = YES;
				GCC_C_LANGUAGE_STANDARD = gnu17;
				GCC_DYNAMIC_NO_PIC = NO;
				GCC_NO_COMMON_BLOCKS = YES;
				GCC_OPTIMIZATION_LEVEL = 0;
				GCC_PREPROCESSOR_DEFINITIONS = (
					"DEBUG=1",
					"$(inherited)",
				);
				GCC_WARN_64_TO_32_BIT_CONVERSION = YES;
				GCC_WARN_ABOUT_RETURN_TYPE = YES_ERROR;
				GCC_WARN_UNDECLARED_SELECTOR = YES;
				GCC_WARN_UNINITIALIZED_AUTOS = YES_AGGRESSIVE;
				GCC_WARN_UNUSED_FUNCTION = YES;
				GCC_WARN_UNUSED_VARIABLE = YES;
				IPHONEOS_DEPLOYMENT_TARGET = 17.4;
				LOCALIZATION_PREFERS_STRING_CATALOGS = YES;
				MTL_ENABLE_DEBUG_INFO = INCLUDE_SOURCE;
				MTL_FAST_MATH = YES;
				ONLY_ACTIVE_ARCH = YES;
				SDKROOT = iphoneos;
				SWIFT_ACTIVE_COMPILATION_CONDITIONS = "DEBUG $(inherited)";
				SWIFT_OPTIMIZATION_LEVEL = "-Onone";
			};
			name = Debug;
		};
		94775F242BADFCDC008B7512 /* Release */ = {
			isa = XCBuildConfiguration;
			buildSettings = {
				ALWAYS_SEARCH_USER_PATHS = NO;
				ASSETCATALOG_COMPILER_GENERATE_SWIFT_ASSET_SYMBOL_EXTENSIONS = YES;
				CLANG_ANALYZER_NONNULL = YES;
				CLANG_ANALYZER_NUMBER_OBJECT_CONVERSION = YES_AGGRESSIVE;
				CLANG_CXX_LANGUAGE_STANDARD = "gnu++20";
				CLANG_ENABLE_MODULES = YES;
				CLANG_ENABLE_OBJC_ARC = YES;
				CLANG_ENABLE_OBJC_WEAK = YES;
				CLANG_WARN_BLOCK_CAPTURE_AUTORELEASING = YES;
				CLANG_WARN_BOOL_CONVERSION = YES;
				CLANG_WARN_COMMA = YES;
				CLANG_WARN_CONSTANT_CONVERSION = YES;
				CLANG_WARN_DEPRECATED_OBJC_IMPLEMENTATIONS = YES;
				CLANG_WARN_DIRECT_OBJC_ISA_USAGE = YES_ERROR;
				CLANG_WARN_DOCUMENTATION_COMMENTS = YES;
				CLANG_WARN_EMPTY_BODY = YES;
				CLANG_WARN_ENUM_CONVERSION = YES;
				CLANG_WARN_INFINITE_RECURSION = YES;
				CLANG_WARN_INT_CONVERSION = YES;
				CLANG_WARN_NON_LITERAL_NULL_CONVERSION = YES;
				CLANG_WARN_OBJC_IMPLICIT_RETAIN_SELF = YES;
				CLANG_WARN_OBJC_LITERAL_CONVERSION = YES;
				CLANG_WARN_OBJC_ROOT_CLASS = YES_ERROR;
				CLANG_WARN_QUOTED_INCLUDE_IN_FRAMEWORK_HEADER = YES;
				CLANG_WARN_RANGE_LOOP_ANALYSIS = YES;
				CLANG_WARN_STRICT_PROTOTYPES = YES;
				CLANG_WARN_SUSPICIOUS_MOVE = YES;
				CLANG_WARN_UNGUARDED_AVAILABILITY = YES_AGGRESSIVE;
				CLANG_WARN_UNREACHABLE_CODE = YES;
				CLANG_WARN__DUPLICATE_METHOD_MATCH = YES;
				COPY_PHASE_STRIP = NO;
				DEBUG_INFORMATION_FORMAT = "dwarf-with-dsym";
				ENABLE_NS_ASSERTIONS = NO;
				ENABLE_STRICT_OBJC_MSGSEND = YES;
				ENABLE_USER_SCRIPT_SANDBOXING = YES;
				GCC_C_LANGUAGE_STANDARD = gnu17;
				GCC_NO_COMMON_BLOCKS = YES;
				GCC_WARN_64_TO_32_BIT_CONVERSION = YES;
				GCC_WARN_ABOUT_RETURN_TYPE = YES_ERROR;
				GCC_WARN_UNDECLARED_SELECTOR = YES;
				GCC_WARN_UNINITIALIZED_AUTOS = YES_AGGRESSIVE;
				GCC_WARN_UNUSED_FUNCTION = YES;
				GCC_WARN_UNUSED_VARIABLE = YES;
				IPHONEOS_DEPLOYMENT_TARGET = 17.4;
				LOCALIZATION_PREFERS_STRING_CATALOGS = YES;
				MTL_ENABLE_DEBUG_INFO = NO;
				MTL_FAST_MATH = YES;
				SDKROOT = iphoneos;
				SWIFT_COMPILATION_MODE = wholemodule;
				VALIDATE_PRODUCT = YES;
			};
			name = Release;
		};
		94775F262BADFCDC008B7512 /* Debug */ = {
			isa = XCBuildConfiguration;
			buildSettings = {
				ALWAYS_EMBED_SWIFT_STANDARD_LIBRARIES = YES;
				APP_GROUP = group.com.roastingapps.colors;
				ASSETCATALOG_COMPILER_APPICON_NAME = AppIcon;
				ASSETCATALOG_COMPILER_GLOBAL_ACCENT_COLOR_NAME = AccentColor;
				CODE_SIGN_ENTITLEMENTS = iOS/iOSApp.entitlements;
				CODE_SIGN_STYLE = Automatic;
				CURRENT_PROJECT_VERSION = 1;
				DEVELOPMENT_ASSET_PATHS = "";
				DEVELOPMENT_TEAM = FVC2SFVFYG;
				ENABLE_PREVIEWS = YES;
				ENABLE_USER_SCRIPT_SANDBOXING = NO;
				GENERATE_INFOPLIST_FILE = YES;
				INFOPLIST_FILE = iOS/Info.plist;
				INFOPLIST_KEY_LSApplicationCategoryType = "public.app-category.education";
				INFOPLIST_KEY_NSCameraUsageDescription = "Use peer reviewed color blindness simulations on the world around you.";
				INFOPLIST_KEY_UIApplicationSceneManifest_Generation = YES;
				INFOPLIST_KEY_UIApplicationSupportsIndirectInputEvents = YES;
				INFOPLIST_KEY_UISupportedInterfaceOrientations_iPad = "UIInterfaceOrientationPortrait UIInterfaceOrientationPortraitUpsideDown UIInterfaceOrientationLandscapeLeft UIInterfaceOrientationLandscapeRight";
				INFOPLIST_KEY_UISupportedInterfaceOrientations_iPhone = "UIInterfaceOrientationPortrait UIInterfaceOrientationLandscapeLeft UIInterfaceOrientationLandscapeRight";
				LD_RUNPATH_SEARCH_PATHS = (
					"$(inherited)",
					"@executable_path/Frameworks",
				);
				MARKETING_VERSION = 1.0;
				OTHER_LDFLAGS = "-ObjC";
				PRODUCT_BUNDLE_IDENTIFIER = "com.roastingapps.Colors-We-See";
				PRODUCT_NAME = "$(TARGET_NAME)";
				SUPPORTED_PLATFORMS = "iphoneos iphonesimulator";
				SUPPORTS_MACCATALYST = NO;
				SUPPORTS_MAC_DESIGNED_FOR_IPHONE_IPAD = NO;
				SUPPORTS_XR_DESIGNED_FOR_IPHONE_IPAD = NO;
				SWIFT_EMIT_LOC_STRINGS = YES;
				SWIFT_VERSION = 5.0;
				TARGETED_DEVICE_FAMILY = "1,2";
			};
			name = Debug;
		};
		94775F272BADFCDC008B7512 /* Release */ = {
			isa = XCBuildConfiguration;
			buildSettings = {
				ALWAYS_EMBED_SWIFT_STANDARD_LIBRARIES = YES;
				APP_GROUP = group.com.roastingapps.colors;
				ASSETCATALOG_COMPILER_APPICON_NAME = AppIcon;
				ASSETCATALOG_COMPILER_GLOBAL_ACCENT_COLOR_NAME = AccentColor;
				CODE_SIGN_ENTITLEMENTS = iOS/iOSApp.entitlements;
				CODE_SIGN_STYLE = Automatic;
				CURRENT_PROJECT_VERSION = 1;
				DEVELOPMENT_ASSET_PATHS = "";
				DEVELOPMENT_TEAM = FVC2SFVFYG;
				ENABLE_PREVIEWS = YES;
				ENABLE_USER_SCRIPT_SANDBOXING = NO;
				GENERATE_INFOPLIST_FILE = YES;
				INFOPLIST_FILE = iOS/Info.plist;
				INFOPLIST_KEY_LSApplicationCategoryType = "public.app-category.education";
				INFOPLIST_KEY_NSCameraUsageDescription = "Use peer reviewed color blindness simulations on the world around you.";
				INFOPLIST_KEY_UIApplicationSceneManifest_Generation = YES;
				INFOPLIST_KEY_UIApplicationSupportsIndirectInputEvents = YES;
				INFOPLIST_KEY_UISupportedInterfaceOrientations_iPad = "UIInterfaceOrientationPortrait UIInterfaceOrientationPortraitUpsideDown UIInterfaceOrientationLandscapeLeft UIInterfaceOrientationLandscapeRight";
				INFOPLIST_KEY_UISupportedInterfaceOrientations_iPhone = "UIInterfaceOrientationPortrait UIInterfaceOrientationLandscapeLeft UIInterfaceOrientationLandscapeRight";
				LD_RUNPATH_SEARCH_PATHS = (
					"$(inherited)",
					"@executable_path/Frameworks",
				);
				MARKETING_VERSION = 1.0;
				OTHER_LDFLAGS = "-ObjC";
				PRODUCT_BUNDLE_IDENTIFIER = "com.roastingapps.Colors-We-See";
				PRODUCT_NAME = "$(TARGET_NAME)";
				SUPPORTED_PLATFORMS = "iphoneos iphonesimulator";
				SUPPORTS_MACCATALYST = NO;
				SUPPORTS_MAC_DESIGNED_FOR_IPHONE_IPAD = NO;
				SUPPORTS_XR_DESIGNED_FOR_IPHONE_IPAD = NO;
				SWIFT_EMIT_LOC_STRINGS = YES;
				SWIFT_VERSION = 5.0;
				TARGETED_DEVICE_FAMILY = "1,2";
			};
			name = Release;
		};
		947A0F502BB1E9EA002AF347 /* Debug */ = {
			isa = XCBuildConfiguration;
			buildSettings = {
				APP_GROUP = group.com.roastingapps.colors;
				ASSETCATALOG_COMPILER_APPICON_NAME = AppIcon;
				ASSETCATALOG_COMPILER_GLOBAL_ACCENT_COLOR_NAME = AccentColor;
				CODE_SIGN_ENTITLEMENTS = AppClip/AppClip.entitlements;
				CODE_SIGN_STYLE = Automatic;
				CURRENT_PROJECT_VERSION = 1;
				DEVELOPMENT_ASSET_PATHS = "";
				DEVELOPMENT_TEAM = FVC2SFVFYG;
				ENABLE_PREVIEWS = YES;
				ENABLE_USER_SCRIPT_SANDBOXING = NO;
				GENERATE_INFOPLIST_FILE = YES;
				INFOPLIST_FILE = AppClip/Info.plist;
				INFOPLIST_KEY_CFBundleDisplayName = "Colors We See";
				INFOPLIST_KEY_LSApplicationCategoryType = "public.app-category.education";
				INFOPLIST_KEY_NSCameraUsageDescription = "Use peer reviewed color blindness simulations on the world around you.";
				INFOPLIST_KEY_UIApplicationSceneManifest_Generation = YES;
				INFOPLIST_KEY_UIApplicationSupportsIndirectInputEvents = YES;
				INFOPLIST_KEY_UISupportedInterfaceOrientations_iPad = "UIInterfaceOrientationPortrait UIInterfaceOrientationPortraitUpsideDown UIInterfaceOrientationLandscapeLeft UIInterfaceOrientationLandscapeRight";
				INFOPLIST_KEY_UISupportedInterfaceOrientations_iPhone = "UIInterfaceOrientationPortrait UIInterfaceOrientationLandscapeLeft UIInterfaceOrientationLandscapeRight";
				LD_RUNPATH_SEARCH_PATHS = (
					"$(inherited)",
					"@executable_path/Frameworks",
				);
				MARKETING_VERSION = 1.0;
				PRODUCT_BUNDLE_IDENTIFIER = "com.roastingapps.Colors-We-See.Clip";
				PRODUCT_NAME = "$(TARGET_NAME)";
				SUPPORTED_PLATFORMS = "iphoneos iphonesimulator";
				SUPPORTS_MACCATALYST = NO;
				SUPPORTS_MAC_DESIGNED_FOR_IPHONE_IPAD = NO;
				SUPPORTS_XR_DESIGNED_FOR_IPHONE_IPAD = NO;
				SWIFT_EMIT_LOC_STRINGS = YES;
				SWIFT_VERSION = 5.0;
				TARGETED_DEVICE_FAMILY = "1,2";
			};
			name = Debug;
		};
		947A0F512BB1E9EA002AF347 /* Release */ = {
			isa = XCBuildConfiguration;
			buildSettings = {
				APP_GROUP = group.com.roastingapps.colors;
				ASSETCATALOG_COMPILER_APPICON_NAME = AppIcon;
				ASSETCATALOG_COMPILER_GLOBAL_ACCENT_COLOR_NAME = AccentColor;
				CODE_SIGN_ENTITLEMENTS = AppClip/AppClip.entitlements;
				CODE_SIGN_STYLE = Automatic;
				CURRENT_PROJECT_VERSION = 1;
				DEVELOPMENT_ASSET_PATHS = "";
				DEVELOPMENT_TEAM = FVC2SFVFYG;
				ENABLE_PREVIEWS = YES;
				ENABLE_USER_SCRIPT_SANDBOXING = NO;
				GENERATE_INFOPLIST_FILE = YES;
				INFOPLIST_FILE = AppClip/Info.plist;
				INFOPLIST_KEY_CFBundleDisplayName = "Colors We See";
				INFOPLIST_KEY_LSApplicationCategoryType = "public.app-category.education";
				INFOPLIST_KEY_NSCameraUsageDescription = "Use peer reviewed color blindness simulations on the world around you.";
				INFOPLIST_KEY_UIApplicationSceneManifest_Generation = YES;
				INFOPLIST_KEY_UIApplicationSupportsIndirectInputEvents = YES;
				INFOPLIST_KEY_UISupportedInterfaceOrientations_iPad = "UIInterfaceOrientationPortrait UIInterfaceOrientationPortraitUpsideDown UIInterfaceOrientationLandscapeLeft UIInterfaceOrientationLandscapeRight";
				INFOPLIST_KEY_UISupportedInterfaceOrientations_iPhone = "UIInterfaceOrientationPortrait UIInterfaceOrientationLandscapeLeft UIInterfaceOrientationLandscapeRight";
				LD_RUNPATH_SEARCH_PATHS = (
					"$(inherited)",
					"@executable_path/Frameworks",
				);
				MARKETING_VERSION = 1.0;
				PRODUCT_BUNDLE_IDENTIFIER = "com.roastingapps.Colors-We-See.Clip";
				PRODUCT_NAME = "$(TARGET_NAME)";
				SUPPORTED_PLATFORMS = "iphoneos iphonesimulator";
				SUPPORTS_MACCATALYST = NO;
				SUPPORTS_MAC_DESIGNED_FOR_IPHONE_IPAD = NO;
				SUPPORTS_XR_DESIGNED_FOR_IPHONE_IPAD = NO;
				SWIFT_EMIT_LOC_STRINGS = YES;
				SWIFT_VERSION = 5.0;
				TARGETED_DEVICE_FAMILY = "1,2";
			};
			name = Release;
		};
/* End XCBuildConfiguration section */

/* Begin XCConfigurationList section */
		94775F122BADFCDB008B7512 /* Build configuration list for PBXProject "ColorsWeSee" */ = {
			isa = XCConfigurationList;
			buildConfigurations = (
				94775F232BADFCDC008B7512 /* Debug */,
				94775F242BADFCDC008B7512 /* Release */,
			);
			defaultConfigurationIsVisible = 0;
			defaultConfigurationName = Release;
		};
		94775F252BADFCDC008B7512 /* Build configuration list for PBXNativeTarget "Colors We See" */ = {
			isa = XCConfigurationList;
			buildConfigurations = (
				94775F262BADFCDC008B7512 /* Debug */,
				94775F272BADFCDC008B7512 /* Release */,
			);
			defaultConfigurationIsVisible = 0;
			defaultConfigurationName = Release;
		};
		947A0F522BB1E9EA002AF347 /* Build configuration list for PBXNativeTarget "Colors We See Clip" */ = {
			isa = XCConfigurationList;
			buildConfigurations = (
				947A0F502BB1E9EA002AF347 /* Debug */,
				947A0F512BB1E9EA002AF347 /* Release */,
			);
			defaultConfigurationIsVisible = 0;
			defaultConfigurationName = Release;
		};
/* End XCConfigurationList section */

/* Begin XCRemoteSwiftPackageReference section */
		94FA78492BADFEA500B6C096 /* XCRemoteSwiftPackageReference "firebase-ios-sdk" */ = {
			isa = XCRemoteSwiftPackageReference;
			repositoryURL = "https://github.com/firebase/firebase-ios-sdk";
			requirement = {
				kind = upToNextMajorVersion;
				minimumVersion = 10.23.0;
			};
		};
/* End XCRemoteSwiftPackageReference section */

/* Begin XCSwiftPackageProductDependency section */
		947A0F542BB1EAA9002AF347 /* FirebaseCrashlytics */ = {
			isa = XCSwiftPackageProductDependency;
			package = 94FA78492BADFEA500B6C096 /* XCRemoteSwiftPackageReference "firebase-ios-sdk" */;
			productName = FirebaseCrashlytics;
		};
		947A0F562BB1EAB3002AF347 /* Root */ = {
			isa = XCSwiftPackageProductDependency;
			productName = Root;
		};
		94FA78472BADFE8900B6C096 /* Root */ = {
			isa = XCSwiftPackageProductDependency;
			productName = Root;
		};
		94FA784A2BADFEA500B6C096 /* FirebaseCrashlytics */ = {
			isa = XCSwiftPackageProductDependency;
			package = 94FA78492BADFEA500B6C096 /* XCRemoteSwiftPackageReference "firebase-ios-sdk" */;
			productName = FirebaseCrashlytics;
		};
/* End XCSwiftPackageProductDependency section */
	};
	rootObject = 94775F0F2BADFCDB008B7512 /* Project object */;
}
